
Microsoft Visual Studio Solution File, Format Version 12.00
Project("{FAE04EC0-301F-11D3-BF4B-00C04F79EFBC}") = "LethalBingo", "LethalBingo.csproj", "{A233B70A-D625-4CD8-B2D3-44A9726BCD0C}"
EndProject
Global
	GlobalSection(SolutionConfigurationPlatforms) = preSolution
		Debug|Any CPU = Debug|Any CPU
		Release|Any CPU = Release|Any CPU
	EndGlobalSection
	GlobalSection(ProjectConfigurationPlatforms) = postSolution
		{A233B70A-D625-4CD8-B2D3-44A9726BCD0C}.Debug|Any CPU.ActiveCfg = Debug|Any CPU
		{A233B70A-D625-4CD8-B2D3-44A9726BCD0C}.Debug|Any CPU.Build.0 = Debug|Any CPU
		{A233B70A-D625-4CD8-B2D3-44A9726BCD0C}.Release|Any CPU.ActiveCfg = Release|Any CPU
		{A233B70A-D625-4CD8-B2D3-44A9726BCD0C}.Release|Any CPU.Build.0 = Release|Any CPU
	EndGlobalSection
EndGlobal
